Microsoft Visual Studio Solution File, Format Version 12.00
# Visual Studio 2012
Project("{FAE04EC0-301F-11D3-BF4B-00C04F79EFBC}") = "Hello-i86Win32VS2012", "Hello-i86Win32VS2012.csproj", "{A2F4E129-4ECD-A3CB-009D-AFD4B4366254}"
EndProject
Global
	GlobalSection(SolutionConfigurationPlatforms) = preSolution
		Debug|Win32 = Debug|Win32
		Debug|x86 = Debug|x86
		Release|Win32 = Release|Win32
		Release|x86 = Release|x86
	EndGlobalSection
	GlobalSection(ProjectConfigurationPlatforms) = postSolution
		{A2F4E129-4ECD-A3CB-009D-AFD4B4366254}.Debug|Win32.ActiveCfg = Debug|x86
		{A2F4E129-4ECD-A3CB-009D-AFD4B4366254}.Debug|Win32.Build.0 = Debug|x86
		{A2F4E129-4ECD-A3CB-009D-AFD4B4366254}.Debug|x86.ActiveCfg = Debug|x86
		{A2F4E129-4ECD-A3CB-009D-AFD4B4366254}.Debug|x86.Build.0 = Debug|x86
		{A2F4E129-4ECD-A3CB-009D-AFD4B4366254}.Release|Win32.ActiveCfg = Release|x86
		{A2F4E129-4ECD-A3CB-009D-AFD4B4366254}.Release|Win32.Build.0 = Release|x86
		{A2F4E129-4ECD-A3CB-009D-AFD4B4366254}.Release|x86.ActiveCfg = Release|x86
		{A2F4E129-4ECD-A3CB-009D-AFD4B4366254}.Release|x86.Build.0 = Release|x86
	EndGlobalSection
	GlobalSection(SolutionProperties) = preSolution
		HideSolutionNode = FALSE
	EndGlobalSection
EndGlobal
